
Microsoft Visual Studio Solution File, Format Version 12.00
# Visual Studio Version 16
VisualStudioVersion = 16.0.31624.102
MinimumVisualStudioVersion = 10.0.40219.1
Project("{9A19103F-16F7-4668-BE54-9A1E7A4F7556}") = "CocktailsJiri.API", "CocktailsJiri.Backend\CocktailsJiri.API.csproj", "{8D363B4F-E24D-490B-AFAE-5E8A0AAFEF4D}"
EndProject
Project("{9A19103F-16F7-4668-BE54-9A1E7A4F7556}") = "CocktailsJiri.Domain", "CocktailsJiri.Domain\CocktailsJiri.Domain.csproj", "{C1C5E83F-531A-4CEC-B722-B8942B68766F}"
EndProject
Project("{9A19103F-16F7-4668-BE54-9A1E7A4F7556}") = "CocktailsJiri.Database", "CocktailsJiri.Database\CocktailsJiri.Database.csproj", "{F760F9D9-F5A1-4F2D-8EF2-C945E09A3AA5}"
EndProject
Global
	GlobalSection(SolutionConfigurationPlatforms) = preSolution
		Debug|Any CPU = Debug|Any CPU
		Release|Any CPU = Release|Any CPU
	EndGlobalSection
	GlobalSection(ProjectConfigurationPlatforms) = postSolution
		{8D363B4F-E24D-490B-AFAE-5E8A0AAFEF4D}.Debug|Any CPU.ActiveCfg = Debug|Any CPU
		{8D363B4F-E24D-490B-AFAE-5E8A0AAFEF4D}.Debug|Any CPU.Build.0 = Debug|Any CPU
		{8D363B4F-E24D-490B-AFAE-5E8A0AAFEF4D}.Release|Any CPU.ActiveCfg = Release|Any CPU
		{8D363B4F-E24D-490B-AFAE-5E8A0AAFEF4D}.Release|Any CPU.Build.0 = Release|Any CPU
		{C1C5E83F-531A-4CEC-B722-B8942B68766F}.Debug|Any CPU.ActiveCfg = Debug|Any CPU
		{C1C5E83F-531A-4CEC-B722-B8942B68766F}.Debug|Any CPU.Build.0 = Debug|Any CPU
		{C1C5E83F-531A-4CEC-B722-B8942B68766F}.Release|Any CPU.ActiveCfg = Release|Any CPU
		{C1C5E83F-531A-4CEC-B722-B8942B68766F}.Release|Any CPU.Build.0 = Release|Any CPU
		{F760F9D9-F5A1-4F2D-8EF2-C945E09A3AA5}.Debug|Any CPU.ActiveCfg = Debug|Any CPU
		{F760F9D9-F5A1-4F2D-8EF2-C945E09A3AA5}.Debug|Any CPU.Build.0 = Debug|Any CPU
		{F760F9D9-F5A1-4F2D-8EF2-C945E09A3AA5}.Release|Any CPU.ActiveCfg = Release|Any CPU
		{F760F9D9-F5A1-4F2D-8EF2-C945E09A3AA5}.Release|Any CPU.Build.0 = Release|Any CPU
	EndGlobalSection
	GlobalSection(SolutionProperties) = preSolution
		HideSolutionNode = FALSE
	EndGlobalSection
	GlobalSection(ExtensibilityGlobals) = postSolution
		SolutionGuid = {0F439DC1-19A3-4A43-BAB3-0BDAA33E0AAC}
	EndGlobalSection
EndGlobal
